
Microsoft Visual Studio Solution File, Format Version 12.00
# Visual Studio 15
VisualStudioVersion = 15.0.28307.168
MinimumVisualStudioVersion = 10.0.40219.1
Project("{FAE04EC0-301F-11D3-BF4B-00C04F79EFBC}") = "Variabler1", "Variabler1\Variabler1.csproj", "{13F07055-4CF1-4C45-BF4A-81FD3DA79912}"
EndProject
Project("{FAE04EC0-301F-11D3-BF4B-00C04F79EFBC}") = "Variabler2", "Variabler2\Variabler2.csproj", "{0EFE6FAA-3CED-4007-A823-2D3C19673E7B}"
EndProject
Project("{FAE04EC0-301F-11D3-BF4B-00C04F79EFBC}") = "Strukturer", "Strukturer\Strukturer.csproj", "{4BC60239-1494-481A-ADC9-7025FEA49C7A}"
EndProject
Project("{FAE04EC0-301F-11D3-BF4B-00C04F79EFBC}") = "Demo", "Demo\Demo.csproj", "{5882EF15-E325-4E2D-B499-47962A62F2EA}"
EndProject
Project("{FAE04EC0-301F-11D3-BF4B-00C04F79EFBC}") = "Flow", "Flow\Flow.csproj", "{E81CC1B8-7A1E-437B-B9A9-404483370997}"
EndProject
Global
	GlobalSection(SolutionConfigurationPlatforms) = preSolution
		Debug|Any CPU = Debug|Any CPU
		Release|Any CPU = Release|Any CPU
	EndGlobalSection
	GlobalSection(ProjectConfigurationPlatforms) = postSolution
		{13F07055-4CF1-4C45-BF4A-81FD3DA79912}.Debug|Any CPU.ActiveCfg = Debug|Any CPU
		{13F07055-4CF1-4C45-BF4A-81FD3DA79912}.Debug|Any CPU.Build.0 = Debug|Any CPU
		{13F07055-4CF1-4C45-BF4A-81FD3DA79912}.Release|Any CPU.ActiveCfg = Release|Any CPU
		{13F07055-4CF1-4C45-BF4A-81FD3DA79912}.Release|Any CPU.Build.0 = Release|Any CPU
		{0EFE6FAA-3CED-4007-A823-2D3C19673E7B}.Debug|Any CPU.ActiveCfg = Debug|Any CPU
		{0EFE6FAA-3CED-4007-A823-2D3C19673E7B}.Debug|Any CPU.Build.0 = Debug|Any CPU
		{0EFE6FAA-3CED-4007-A823-2D3C19673E7B}.Release|Any CPU.ActiveCfg = Release|Any CPU
		{0EFE6FAA-3CED-4007-A823-2D3C19673E7B}.Release|Any CPU.Build.0 = Release|Any CPU
		{4BC60239-1494-481A-ADC9-7025FEA49C7A}.Debug|Any CPU.ActiveCfg = Debug|Any CPU
		{4BC60239-1494-481A-ADC9-7025FEA49C7A}.Debug|Any CPU.Build.0 = Debug|Any CPU
		{4BC60239-1494-481A-ADC9-7025FEA49C7A}.Release|Any CPU.ActiveCfg = Release|Any CPU
		{4BC60239-1494-481A-ADC9-7025FEA49C7A}.Release|Any CPU.Build.0 = Release|Any CPU
		{5882EF15-E325-4E2D-B499-47962A62F2EA}.Debug|Any CPU.ActiveCfg = Debug|Any CPU
		{5882EF15-E325-4E2D-B499-47962A62F2EA}.Debug|Any CPU.Build.0 = Debug|Any CPU
		{5882EF15-E325-4E2D-B499-47962A62F2EA}.Release|Any CPU.ActiveCfg = Release|Any CPU
		{5882EF15-E325-4E2D-B499-47962A62F2EA}.Release|Any CPU.Build.0 = Release|Any CPU
		{E81CC1B8-7A1E-437B-B9A9-404483370997}.Debug|Any CPU.ActiveCfg = Debug|Any CPU
		{E81CC1B8-7A1E-437B-B9A9-404483370997}.Debug|Any CPU.Build.0 = Debug|Any CPU
		{E81CC1B8-7A1E-437B-B9A9-404483370997}.Release|Any CPU.ActiveCfg = Release|Any CPU
		{E81CC1B8-7A1E-437B-B9A9-404483370997}.Release|Any CPU.Build.0 = Release|Any CPU
	EndGlobalSection
	GlobalSection(SolutionProperties) = preSolution
		HideSolutionNode = FALSE
	EndGlobalSection
	GlobalSection(ExtensibilityGlobals) = postSolution
		SolutionGuid = {4BBE9061-30D9-43D0-8B3E-89BD800A6F04}
	EndGlobalSection
EndGlobal
