
Microsoft Visual Studio Solution File, Format Version 12.00
# Visual Studio 15
VisualStudioVersion = 15.0.28307.168
MinimumVisualStudioVersion = 10.0.40219.1
Project("{FAE04EC0-301F-11D3-BF4B-00C04F79EFBC}") = "Variabler1", "Variabler1\Variabler1.csproj", "{13F07055-4CF1-4C45-BF4A-81FD3DA79912}"
EndProject
Project("{FAE04EC0-301F-11D3-BF4B-00C04F79EFBC}") = "Variabler2", "Variabler2\Variabler2.csproj", "{0EFE6FAA-3CED-4007-A823-2D3C19673E7B}"
EndProject
Project("{FAE04EC0-301F-11D3-BF4B-00C04F79EFBC}") = "Strukturer", "Strukturer\Strukturer.csproj", "{4BC60239-1494-481A-ADC9-7025FEA49C7A}"
EndProject
Project("{FAE04EC0-301F-11D3-BF4B-00C04F79EFBC}") = "Demo", "Demo\Demo.csproj", "{5882EF15-E325-4E2D-B499-47962A62F2EA}"
EndProject
Project("{FAE04EC0-301F-11D3-BF4B-00C04F79EFBC}") = "Flow", "Flow\Flow.csproj", "{E81CC1B8-7A1E-437B-B9A9-404483370997}"
EndProject
Project("{FAE04EC0-301F-11D3-BF4B-00C04F79EFBC}") = "Metoder", "Metoder\Metoder.csproj", "{85054C40-1160-46B6-8348-ABF45F69B290}"
EndProject
Project("{FAE04EC0-301F-11D3-BF4B-00C04F79EFBC}") = "Fejl", "Fejl\Fejl.csproj", "{A07FF7F0-D0D3-43B1-9B40-047C8C56A3C9}"
EndProject
Project("{FAE04EC0-301F-11D3-BF4B-00C04F79EFBC}") = "LogDemo", "LogDemo\LogDemo.csproj", "{F330C9D9-95F7-4481-A8A1-CA30631F2B76}"
EndProject
Project("{FAE04EC0-301F-11D3-BF4B-00C04F79EFBC}") = "Hukommelse", "ConsoleApp1\Hukommelse.csproj", "{D25CD424-CD68-43BE-A15A-4867D5BF449F}"
EndProject
Project("{FAE04EC0-301F-11D3-BF4B-00C04F79EFBC}") = "Klasser", "Klasser\Klasser.csproj", "{57A4204F-7858-4CC0-ACF5-8EE437ECBB0A}"
EndProject
Project("{FAE04EC0-301F-11D3-BF4B-00C04F79EFBC}") = "Indkapsling", "Indkapsling\Indkapsling.csproj", "{5430E736-E6E0-4716-8176-F056F3B9822B}"
EndProject
Project("{FAE04EC0-301F-11D3-BF4B-00C04F79EFBC}") = "WinFormDemo", "WinFormDemo\WinFormDemo.csproj", "{A02ACF07-822D-4D68-AD19-41F23793C530}"
EndProject
Project("{FAE04EC0-301F-11D3-BF4B-00C04F79EFBC}") = "ArrayDemo", "ArrayDemo\ArrayDemo.csproj", "{19AE75F4-7ADD-44BF-A811-CA30C858E054}"
EndProject
Project("{FAE04EC0-301F-11D3-BF4B-00C04F79EFBC}") = "Samlinger", "Samlinger\Samlinger.csproj", "{74D76D6F-C433-400C-A33E-D51E337FF989}"
EndProject
Project("{FAE04EC0-301F-11D3-BF4B-00C04F79EFBC}") = "StartDag5", "StartDag5\StartDag5.csproj", "{4F1B8BA0-9A57-4764-B023-22D80C40FC4E}"
EndProject
Project("{FAE04EC0-301F-11D3-BF4B-00C04F79EFBC}") = "ArvDemo", "ArvDemo\ArvDemo.csproj", "{7473F8CE-0FF5-4761-B8B3-79961F72C9A9}"
EndProject
Project("{FAE04EC0-301F-11D3-BF4B-00C04F79EFBC}") = "CoreAppDemo", "CoreAppDemo\CoreAppDemo.csproj", "{EF53D43D-47FF-4181-AF8A-925E850F0A22}"
EndProject
Project("{FAE04EC0-301F-11D3-BF4B-00C04F79EFBC}") = "Poly", "Poly\Poly.csproj", "{AF56BCDF-D1E2-4CA2-82FE-7943168118E7}"
EndProject
Project("{FAE04EC0-301F-11D3-BF4B-00C04F79EFBC}") = "Poly1", "Poly1\Poly1.csproj", "{18B62C53-0B85-4019-98DC-829B6104CFB5}"
EndProject
Project("{FAE04EC0-301F-11D3-BF4B-00C04F79EFBC}") = "EFDemo", "EFDemo\EFDemo.csproj", "{44187DFB-0C3E-44F1-930D-976DED12D9DC}"
EndProject
Project("{FAE04EC0-301F-11D3-BF4B-00C04F79EFBC}") = "InterfaceDemo", "InterfaceDemo\InterfaceDemo.csproj", "{A5080E22-4342-46D9-9760-54B7CF4D81F0}"
EndProject
Project("{FAE04EC0-301F-11D3-BF4B-00C04F79EFBC}") = "TerningDemo", "TerningDemo\TerningDemo.csproj", "{8EDE9773-501A-4267-B553-52BB56371747}"
EndProject
Project("{FAE04EC0-301F-11D3-BF4B-00C04F79EFBC}") = "TerningDI", "TerningDI\TerningDI.csproj", "{9D051DB4-A760-4EFB-82F6-0492ED3681DD}"
EndProject
Project("{FAE04EC0-301F-11D3-BF4B-00C04F79EFBC}") = "DelegatesDemo", "DelegatesDemo\DelegatesDemo.csproj", "{B0EEECA0-E094-4098-B1DF-603FEE29BD46}"
EndProject
Project("{FAE04EC0-301F-11D3-BF4B-00C04F79EFBC}") = "Action", "Action\Action.csproj", "{61DE265C-0742-4EFC-976A-D3386C0AF546}"
EndProject
Project("{FAE04EC0-301F-11D3-BF4B-00C04F79EFBC}") = "LambdaDemo", "LambdaDemo\LambdaDemo.csproj", "{D1D007CD-B6F6-4778-A249-8720A8A5D38E}"
EndProject
Project("{FAE04EC0-301F-11D3-BF4B-00C04F79EFBC}") = "EventDemo", "EventDemo\EventDemo.csproj", "{56BB6B6F-836B-4516-8D3D-96A75DD62DED}"
EndProject
Project("{FAE04EC0-301F-11D3-BF4B-00C04F79EFBC}") = "TerningEventDemo", "TerningEventDemo\TerningEventDemo.csproj", "{584C1FBA-A69C-4598-8D25-5D435CEE15DC}"
EndProject
Project("{FAE04EC0-301F-11D3-BF4B-00C04F79EFBC}") = "LinqDemo", "LinqDemo\LinqDemo.csproj", "{3200A733-4A05-43E7-B2E1-9B3F202C89CC}"
EndProject
Global
	GlobalSection(SolutionConfigurationPlatforms) = preSolution
		Debug|Any CPU = Debug|Any CPU
		Release|Any CPU = Release|Any CPU
	EndGlobalSection
	GlobalSection(ProjectConfigurationPlatforms) = postSolution
		{13F07055-4CF1-4C45-BF4A-81FD3DA79912}.Debug|Any CPU.ActiveCfg = Debug|Any CPU
		{13F07055-4CF1-4C45-BF4A-81FD3DA79912}.Debug|Any CPU.Build.0 = Debug|Any CPU
		{13F07055-4CF1-4C45-BF4A-81FD3DA79912}.Release|Any CPU.ActiveCfg = Release|Any CPU
		{13F07055-4CF1-4C45-BF4A-81FD3DA79912}.Release|Any CPU.Build.0 = Release|Any CPU
		{0EFE6FAA-3CED-4007-A823-2D3C19673E7B}.Debug|Any CPU.ActiveCfg = Debug|Any CPU
		{0EFE6FAA-3CED-4007-A823-2D3C19673E7B}.Debug|Any CPU.Build.0 = Debug|Any CPU
		{0EFE6FAA-3CED-4007-A823-2D3C19673E7B}.Release|Any CPU.ActiveCfg = Release|Any CPU
		{0EFE6FAA-3CED-4007-A823-2D3C19673E7B}.Release|Any CPU.Build.0 = Release|Any CPU
		{4BC60239-1494-481A-ADC9-7025FEA49C7A}.Debug|Any CPU.ActiveCfg = Debug|Any CPU
		{4BC60239-1494-481A-ADC9-7025FEA49C7A}.Debug|Any CPU.Build.0 = Debug|Any CPU
		{4BC60239-1494-481A-ADC9-7025FEA49C7A}.Release|Any CPU.ActiveCfg = Release|Any CPU
		{4BC60239-1494-481A-ADC9-7025FEA49C7A}.Release|Any CPU.Build.0 = Release|Any CPU
		{5882EF15-E325-4E2D-B499-47962A62F2EA}.Debug|Any CPU.ActiveCfg = Debug|Any CPU
		{5882EF15-E325-4E2D-B499-47962A62F2EA}.Debug|Any CPU.Build.0 = Debug|Any CPU
		{5882EF15-E325-4E2D-B499-47962A62F2EA}.Release|Any CPU.ActiveCfg = Release|Any CPU
		{5882EF15-E325-4E2D-B499-47962A62F2EA}.Release|Any CPU.Build.0 = Release|Any CPU
		{E81CC1B8-7A1E-437B-B9A9-404483370997}.Debug|Any CPU.ActiveCfg = Debug|Any CPU
		{E81CC1B8-7A1E-437B-B9A9-404483370997}.Debug|Any CPU.Build.0 = Debug|Any CPU
		{E81CC1B8-7A1E-437B-B9A9-404483370997}.Release|Any CPU.ActiveCfg = Release|Any CPU
		{E81CC1B8-7A1E-437B-B9A9-404483370997}.Release|Any CPU.Build.0 = Release|Any CPU
		{85054C40-1160-46B6-8348-ABF45F69B290}.Debug|Any CPU.ActiveCfg = Debug|Any CPU
		{85054C40-1160-46B6-8348-ABF45F69B290}.Debug|Any CPU.Build.0 = Debug|Any CPU
		{85054C40-1160-46B6-8348-ABF45F69B290}.Release|Any CPU.ActiveCfg = Release|Any CPU
		{85054C40-1160-46B6-8348-ABF45F69B290}.Release|Any CPU.Build.0 = Release|Any CPU
		{A07FF7F0-D0D3-43B1-9B40-047C8C56A3C9}.Debug|Any CPU.ActiveCfg = Debug|Any CPU
		{A07FF7F0-D0D3-43B1-9B40-047C8C56A3C9}.Debug|Any CPU.Build.0 = Debug|Any CPU
		{A07FF7F0-D0D3-43B1-9B40-047C8C56A3C9}.Release|Any CPU.ActiveCfg = Release|Any CPU
		{A07FF7F0-D0D3-43B1-9B40-047C8C56A3C9}.Release|Any CPU.Build.0 = Release|Any CPU
		{F330C9D9-95F7-4481-A8A1-CA30631F2B76}.Debug|Any CPU.ActiveCfg = Debug|Any CPU
		{F330C9D9-95F7-4481-A8A1-CA30631F2B76}.Debug|Any CPU.Build.0 = Debug|Any CPU
		{F330C9D9-95F7-4481-A8A1-CA30631F2B76}.Release|Any CPU.ActiveCfg = Release|Any CPU
		{F330C9D9-95F7-4481-A8A1-CA30631F2B76}.Release|Any CPU.Build.0 = Release|Any CPU
		{D25CD424-CD68-43BE-A15A-4867D5BF449F}.Debug|Any CPU.ActiveCfg = Debug|Any CPU
		{D25CD424-CD68-43BE-A15A-4867D5BF449F}.Debug|Any CPU.Build.0 = Debug|Any CPU
		{D25CD424-CD68-43BE-A15A-4867D5BF449F}.Release|Any CPU.ActiveCfg = Release|Any CPU
		{D25CD424-CD68-43BE-A15A-4867D5BF449F}.Release|Any CPU.Build.0 = Release|Any CPU
		{57A4204F-7858-4CC0-ACF5-8EE437ECBB0A}.Debug|Any CPU.ActiveCfg = Debug|Any CPU
		{57A4204F-7858-4CC0-ACF5-8EE437ECBB0A}.Debug|Any CPU.Build.0 = Debug|Any CPU
		{57A4204F-7858-4CC0-ACF5-8EE437ECBB0A}.Release|Any CPU.ActiveCfg = Release|Any CPU
		{57A4204F-7858-4CC0-ACF5-8EE437ECBB0A}.Release|Any CPU.Build.0 = Release|Any CPU
		{5430E736-E6E0-4716-8176-F056F3B9822B}.Debug|Any CPU.ActiveCfg = Debug|Any CPU
		{5430E736-E6E0-4716-8176-F056F3B9822B}.Debug|Any CPU.Build.0 = Debug|Any CPU
		{5430E736-E6E0-4716-8176-F056F3B9822B}.Release|Any CPU.ActiveCfg = Release|Any CPU
		{5430E736-E6E0-4716-8176-F056F3B9822B}.Release|Any CPU.Build.0 = Release|Any CPU
		{A02ACF07-822D-4D68-AD19-41F23793C530}.Debug|Any CPU.ActiveCfg = Debug|Any CPU
		{A02ACF07-822D-4D68-AD19-41F23793C530}.Debug|Any CPU.Build.0 = Debug|Any CPU
		{A02ACF07-822D-4D68-AD19-41F23793C530}.Release|Any CPU.ActiveCfg = Release|Any CPU
		{A02ACF07-822D-4D68-AD19-41F23793C530}.Release|Any CPU.Build.0 = Release|Any CPU
		{19AE75F4-7ADD-44BF-A811-CA30C858E054}.Debug|Any CPU.ActiveCfg = Debug|Any CPU
		{19AE75F4-7ADD-44BF-A811-CA30C858E054}.Debug|Any CPU.Build.0 = Debug|Any CPU
		{19AE75F4-7ADD-44BF-A811-CA30C858E054}.Release|Any CPU.ActiveCfg = Release|Any CPU
		{19AE75F4-7ADD-44BF-A811-CA30C858E054}.Release|Any CPU.Build.0 = Release|Any CPU
		{74D76D6F-C433-400C-A33E-D51E337FF989}.Debug|Any CPU.ActiveCfg = Debug|Any CPU
		{74D76D6F-C433-400C-A33E-D51E337FF989}.Debug|Any CPU.Build.0 = Debug|Any CPU
		{74D76D6F-C433-400C-A33E-D51E337FF989}.Release|Any CPU.ActiveCfg = Release|Any CPU
		{74D76D6F-C433-400C-A33E-D51E337FF989}.Release|Any CPU.Build.0 = Release|Any CPU
		{4F1B8BA0-9A57-4764-B023-22D80C40FC4E}.Debug|Any CPU.ActiveCfg = Debug|Any CPU
		{4F1B8BA0-9A57-4764-B023-22D80C40FC4E}.Debug|Any CPU.Build.0 = Debug|Any CPU
		{4F1B8BA0-9A57-4764-B023-22D80C40FC4E}.Release|Any CPU.ActiveCfg = Release|Any CPU
		{4F1B8BA0-9A57-4764-B023-22D80C40FC4E}.Release|Any CPU.Build.0 = Release|Any CPU
		{7473F8CE-0FF5-4761-B8B3-79961F72C9A9}.Debug|Any CPU.ActiveCfg = Debug|Any CPU
		{7473F8CE-0FF5-4761-B8B3-79961F72C9A9}.Debug|Any CPU.Build.0 = Debug|Any CPU
		{7473F8CE-0FF5-4761-B8B3-79961F72C9A9}.Release|Any CPU.ActiveCfg = Release|Any CPU
		{7473F8CE-0FF5-4761-B8B3-79961F72C9A9}.Release|Any CPU.Build.0 = Release|Any CPU
		{EF53D43D-47FF-4181-AF8A-925E850F0A22}.Debug|Any CPU.ActiveCfg = Debug|Any CPU
		{EF53D43D-47FF-4181-AF8A-925E850F0A22}.Debug|Any CPU.Build.0 = Debug|Any CPU
		{EF53D43D-47FF-4181-AF8A-925E850F0A22}.Release|Any CPU.ActiveCfg = Release|Any CPU
		{EF53D43D-47FF-4181-AF8A-925E850F0A22}.Release|Any CPU.Build.0 = Release|Any CPU
		{AF56BCDF-D1E2-4CA2-82FE-7943168118E7}.Debug|Any CPU.ActiveCfg = Debug|Any CPU
		{AF56BCDF-D1E2-4CA2-82FE-7943168118E7}.Debug|Any CPU.Build.0 = Debug|Any CPU
		{AF56BCDF-D1E2-4CA2-82FE-7943168118E7}.Release|Any CPU.ActiveCfg = Release|Any CPU
		{AF56BCDF-D1E2-4CA2-82FE-7943168118E7}.Release|Any CPU.Build.0 = Release|Any CPU
		{18B62C53-0B85-4019-98DC-829B6104CFB5}.Debug|Any CPU.ActiveCfg = Debug|Any CPU
		{18B62C53-0B85-4019-98DC-829B6104CFB5}.Debug|Any CPU.Build.0 = Debug|Any CPU
		{18B62C53-0B85-4019-98DC-829B6104CFB5}.Release|Any CPU.ActiveCfg = Release|Any CPU
		{18B62C53-0B85-4019-98DC-829B6104CFB5}.Release|Any CPU.Build.0 = Release|Any CPU
		{44187DFB-0C3E-44F1-930D-976DED12D9DC}.Debug|Any CPU.ActiveCfg = Debug|Any CPU
		{44187DFB-0C3E-44F1-930D-976DED12D9DC}.Debug|Any CPU.Build.0 = Debug|Any CPU
		{44187DFB-0C3E-44F1-930D-976DED12D9DC}.Release|Any CPU.ActiveCfg = Release|Any CPU
		{44187DFB-0C3E-44F1-930D-976DED12D9DC}.Release|Any CPU.Build.0 = Release|Any CPU
		{A5080E22-4342-46D9-9760-54B7CF4D81F0}.Debug|Any CPU.ActiveCfg = Debug|Any CPU
		{A5080E22-4342-46D9-9760-54B7CF4D81F0}.Debug|Any CPU.Build.0 = Debug|Any CPU
		{A5080E22-4342-46D9-9760-54B7CF4D81F0}.Release|Any CPU.ActiveCfg = Release|Any CPU
		{A5080E22-4342-46D9-9760-54B7CF4D81F0}.Release|Any CPU.Build.0 = Release|Any CPU
		{8EDE9773-501A-4267-B553-52BB56371747}.Debug|Any CPU.ActiveCfg = Debug|Any CPU
		{8EDE9773-501A-4267-B553-52BB56371747}.Debug|Any CPU.Build.0 = Debug|Any CPU
		{8EDE9773-501A-4267-B553-52BB56371747}.Release|Any CPU.ActiveCfg = Release|Any CPU
		{8EDE9773-501A-4267-B553-52BB56371747}.Release|Any CPU.Build.0 = Release|Any CPU
		{9D051DB4-A760-4EFB-82F6-0492ED3681DD}.Debug|Any CPU.ActiveCfg = Debug|Any CPU
		{9D051DB4-A760-4EFB-82F6-0492ED3681DD}.Debug|Any CPU.Build.0 = Debug|Any CPU
		{9D051DB4-A760-4EFB-82F6-0492ED3681DD}.Release|Any CPU.ActiveCfg = Release|Any CPU
		{9D051DB4-A760-4EFB-82F6-0492ED3681DD}.Release|Any CPU.Build.0 = Release|Any CPU
		{B0EEECA0-E094-4098-B1DF-603FEE29BD46}.Debug|Any CPU.ActiveCfg = Debug|Any CPU
		{B0EEECA0-E094-4098-B1DF-603FEE29BD46}.Debug|Any CPU.Build.0 = Debug|Any CPU
		{B0EEECA0-E094-4098-B1DF-603FEE29BD46}.Release|Any CPU.ActiveCfg = Release|Any CPU
		{B0EEECA0-E094-4098-B1DF-603FEE29BD46}.Release|Any CPU.Build.0 = Release|Any CPU
		{61DE265C-0742-4EFC-976A-D3386C0AF546}.Debug|Any CPU.ActiveCfg = Debug|Any CPU
		{61DE265C-0742-4EFC-976A-D3386C0AF546}.Debug|Any CPU.Build.0 = Debug|Any CPU
		{61DE265C-0742-4EFC-976A-D3386C0AF546}.Release|Any CPU.ActiveCfg = Release|Any CPU
		{61DE265C-0742-4EFC-976A-D3386C0AF546}.Release|Any CPU.Build.0 = Release|Any CPU
		{D1D007CD-B6F6-4778-A249-8720A8A5D38E}.Debug|Any CPU.ActiveCfg = Debug|Any CPU
		{D1D007CD-B6F6-4778-A249-8720A8A5D38E}.Debug|Any CPU.Build.0 = Debug|Any CPU
		{D1D007CD-B6F6-4778-A249-8720A8A5D38E}.Release|Any CPU.ActiveCfg = Release|Any CPU
		{D1D007CD-B6F6-4778-A249-8720A8A5D38E}.Release|Any CPU.Build.0 = Release|Any CPU
		{56BB6B6F-836B-4516-8D3D-96A75DD62DED}.Debug|Any CPU.ActiveCfg = Debug|Any CPU
		{56BB6B6F-836B-4516-8D3D-96A75DD62DED}.Debug|Any CPU.Build.0 = Debug|Any CPU
		{56BB6B6F-836B-4516-8D3D-96A75DD62DED}.Release|Any CPU.ActiveCfg = Release|Any CPU
		{56BB6B6F-836B-4516-8D3D-96A75DD62DED}.Release|Any CPU.Build.0 = Release|Any CPU
		{584C1FBA-A69C-4598-8D25-5D435CEE15DC}.Debug|Any CPU.ActiveCfg = Debug|Any CPU
		{584C1FBA-A69C-4598-8D25-5D435CEE15DC}.Debug|Any CPU.Build.0 = Debug|Any CPU
		{584C1FBA-A69C-4598-8D25-5D435CEE15DC}.Release|Any CPU.ActiveCfg = Release|Any CPU
		{584C1FBA-A69C-4598-8D25-5D435CEE15DC}.Release|Any CPU.Build.0 = Release|Any CPU
		{3200A733-4A05-43E7-B2E1-9B3F202C89CC}.Debug|Any CPU.ActiveCfg = Debug|Any CPU
		{3200A733-4A05-43E7-B2E1-9B3F202C89CC}.Debug|Any CPU.Build.0 = Debug|Any CPU
		{3200A733-4A05-43E7-B2E1-9B3F202C89CC}.Release|Any CPU.ActiveCfg = Release|Any CPU
		{3200A733-4A05-43E7-B2E1-9B3F202C89CC}.Release|Any CPU.Build.0 = Release|Any CPU
	EndGlobalSection
	GlobalSection(SolutionProperties) = preSolution
		HideSolutionNode = FALSE
	EndGlobalSection
	GlobalSection(ExtensibilityGlobals) = postSolution
		SolutionGuid = {4BBE9061-30D9-43D0-8B3E-89BD800A6F04}
	EndGlobalSection
EndGlobal
